
Microsoft Visual Studio Solution File, Format Version 12.00
# Visual Studio Version 17
VisualStudioVersion = 17.14.37111.16 d17.14
MinimumVisualStudioVersion = 10.0.40219.1
Project("{FAE04EC0-301F-11D3-BF4B-00C04F79EFBC}") = "EpubMaker", "EpubMaker.csproj", "{FD837586-24FC-4B0A-A31C-39C4EBB78491}"
EndProject
Global
	GlobalSection(SolutionConfigurationPlatforms) = preSolution
		Debug|Any CPU = Debug|Any CPU
		Release|Any CPU = Release|Any CPU
	EndGlobalSection
	GlobalSection(ProjectConfigurationPlatforms) = postSolution
		{FD837586-24FC-4B0A-A31C-39C4EBB78491}.Debug|Any CPU.ActiveCfg = Debug|Any CPU
		{FD837586-24FC-4B0A-A31C-39C4EBB78491}.Debug|Any CPU.Build.0 = Debug|Any CPU
		{FD837586-24FC-4B0A-A31C-39C4EBB78491}.Release|Any CPU.ActiveCfg = Release|Any CPU
		{FD837586-24FC-4B0A-A31C-39C4EBB78491}.Release|Any CPU.Build.0 = Release|Any CPU
	EndGlobalSection
	GlobalSection(SolutionProperties) = preSolution
		HideSolutionNode = FALSE
	EndGlobalSection
	GlobalSection(ExtensibilityGlobals) = postSolution
		SolutionGuid = {0EE66137-A77E-456A-A1E1-56B8CD9007D7}
	EndGlobalSection
EndGlobal
